// !$*UTF8*$!
{
	archiveVersion = 1;
	classes = {
	};
	objectVersion = 56;
	objects = {

/* Begin PBXBuildFile section */
		471CEB452B0FC11A005FE1EB /* CovidAppApp.swift in Sources */ = {isa = PBXBuildFile; fileRef = 471CEB442B0FC11A005FE1EB /* CovidAppApp.swift */; };
		471CEB472B0FC11A005FE1EB /* ContentView.swift in Sources */ = {isa = PBXBuildFile; fileRef = 471CEB462B0FC11A005FE1EB /* ContentView.swift */; };
		471CEB492B0FC123005FE1EB /* Assets.xcassets in Resources */ = {isa = PBXBuildFile; fileRef = 471CEB482B0FC123005FE1EB /* Assets.xcassets */; };
		471CEB4C2B0FC123005FE1EB /* Preview Assets.xcassets in Resources */ = {isa = PBXBuildFile; fileRef = 471CEB4B2B0FC123005FE1EB /* Preview Assets.xcassets */; };
		471CEB562B0FC124005FE1EB /* CovidAppTests.swift in Sources */ = {isa = PBXBuildFile; fileRef = 471CEB552B0FC124005FE1EB /* CovidAppTests.swift */; };
		471CEB602B0FC124005FE1EB /* CovidAppUITests.swift in Sources */ = {isa = PBXBuildFile; fileRef = 471CEB5F2B0FC124005FE1EB /* CovidAppUITests.swift */; };
		471CEB622B0FC124005FE1EB /* CovidAppUITestsLaunchTests.swift in Sources */ = {isa = PBXBuildFile; fileRef = 471CEB612B0FC124005FE1EB /* CovidAppUITestsLaunchTests.swift */; };
/* End PBXBuildFile section */

/* Begin PBXContainerItemProxy section */
		471CEB522B0FC124005FE1EB /* PBXContainerItemProxy */ = {
			isa = PBXContainerItemProxy;
			containerPortal = 471CEB392B0FC119005FE1EB /* Project object */;
			proxyType = 1;
			remoteGlobalIDString = 471CEB402B0FC119005FE1EB;
			remoteInfo = CovidApp;
		};
		471CEB5C2B0FC124005FE1EB /* PBXContainerItemProxy */ = {
			isa = PBXContainerItemProxy;
			containerPortal = 471CEB392B0FC119005FE1EB /* Project object */;
			proxyType = 1;
			remoteGlobalIDString = 471CEB402B0FC119005FE1EB;
			remoteInfo = CovidApp;
		};
/* End PBXContainerItemProxy section */

/* Begin PBXFileReference section */
		471CEB412B0FC11A005FE1EB /* CovidApp.app */ = {isa = PBXFileReference; explicitFileType = wrapper.application; includeInIndex = 0; path = CovidApp.app; sourceTree = BUILT_PRODUCTS_DIR; };
		471CEB442B0FC11A005FE1EB /* CovidAppApp.swift */ = {isa = PBXFileReference; lastKnownFileType = sourcecode.swift; path = CovidAppApp.swift; sourceTree = "<group>"; };
		471CEB462B0FC11A005FE1EB /* ContentView.swift */ = {isa = PBXFileReference; lastKnownFileType = sourcecode.swift; path = ContentView.swift; sourceTree = "<group>"; };
		471CEB482B0FC123005FE1EB /* Assets.xcassets */ = {isa = PBXFileReference; lastKnownFileType = folder.assetcatalog; path = Assets.xcassets; sourceTree = "<group>"; };
		471CEB4B2B0FC123005FE1EB /* Preview Assets.xcassets */ = {isa = PBXFileReference; lastKnownFileType = folder.assetcatalog; path = "Preview Assets.xcassets"; sourceTree = "<group>"; };
		471CEB512B0FC124005FE1EB /* CovidAppTests.xctest */ = {isa = PBXFileReference; explicitFileType = wrapper.cfbundle; includeInIndex = 0; path = CovidAppTests.xctest; sourceTree = BUILT_PRODUCTS_DIR; };
		471CEB552B0FC124005FE1EB /* CovidAppTests.swift */ = {isa = PBXFileReference; lastKnownFileType = sourcecode.swift; path = CovidAppTests.swift; sourceTree = "<group>"; };
		471CEB5B2B0FC124005FE1EB /* CovidAppUITests.xctest */ = {isa = PBXFileReference; explicitFileType = wrapper.cfbundle; includeInIndex = 0; path = CovidAppUITests.xctest; sourceTree = BUILT_PRODUCTS_DIR; };
		471CEB5F2B0FC124005FE1EB /* CovidAppUITests.swift */ = {isa = PBXFileReference; lastKnownFileType = sourcecode.swift; path = CovidAppUITests.swift; sourceTree = "<group>"; };
		471CEB612B0FC124005FE1EB /* CovidAppUITestsLaunchTests.swift */ = {isa = PBXFileReference; lastKnownFileType = sourcecode.swift; path = CovidAppUITestsLaunchTests.swift; sourceTree = "<group>"; };
/* End PBXFileReference section */

/* Begin PBXFrameworksBuildPhase section */
		471CEB3E2B0FC119005FE1EB /* Frameworks */ = {
			isa = PBXFrameworksBuildPhase;
			buildActionMask = 2147483647;
			files = (
			);
			runOnlyForDeploymentPostprocessing = 0;
		};
		471CEB4E2B0FC124005FE1EB /* Frameworks */ = {
			isa = PBXFrameworksBuildPhase;
			buildActionMask = 2147483647;
			files = (
			);
			runOnlyForDeploymentPostprocessing = 0;
		};
		471CEB582B0FC124005FE1EB /* Frameworks */ = {
			isa = PBXFrameworksBuildPhase;
			buildActionMask = 2147483647;
			files = (
			);
			runOnlyForDeploymentPostprocessing = 0;
		};
/* End PBXFrameworksBuildPhase section */

/* Begin PBXGroup section */
		471CEB382B0FC119005FE1EB = {
			isa = PBXGroup;
			children = (
				471CEB432B0FC11A005FE1EB /* CovidApp */,
				471CEB542B0FC124005FE1EB /* CovidAppTests */,
				471CEB5E2B0FC124005FE1EB /* CovidAppUITests */,
				471CEB422B0FC11A005FE1EB /* Products */,
			);
			sourceTree = "<group>";
		};
		471CEB422B0FC11A005FE1EB /* Products */ = {
			isa = PBXGroup;
			children = (
				471CEB412B0FC11A005FE1EB /* CovidApp.app */,
				471CEB512B0FC124005FE1EB /* CovidAppTests.xctest */,
				471CEB5B2B0FC124005FE1EB /* CovidAppUITests.xctest */,
			);
			name = Products;
			sourceTree = "<group>";
		};
		471CEB432B0FC11A005FE1EB /* CovidApp */ = {
			isa = PBXGroup;
			children = (
				471CEB442B0FC11A005FE1EB /* CovidAppApp.swift */,
				471CEB462B0FC11A005FE1EB /* ContentView.swift */,
				471CEB482B0FC123005FE1EB /* Assets.xcassets */,
				471CEB4A2B0FC123005FE1EB /* Preview Content */,
			);
			path = CovidApp;
			sourceTree = "<group>";
		};
		471CEB4A2B0FC123005FE1EB /* Preview Content */ = {
			isa = PBXGroup;
			children = (
				471CEB4B2B0FC123005FE1EB /* Preview Assets.xcassets */,
			);
			path = "Preview Content";
			sourceTree = "<group>";
		};
		471CEB542B0FC124005FE1EB /* CovidAppTests */ = {
			isa = PBXGroup;
			children = (
				471CEB552B0FC124005FE1EB /* CovidAppTests.swift */,
			);
			path = CovidAppTests;
			sourceTree = "<group>";
		};
		471CEB5E2B0FC124005FE1EB /* CovidAppUITests */ = {
			isa = PBXGroup;
			children = (
				471CEB5F2B0FC124005FE1EB /* CovidAppUITests.swift */,
				471CEB612B0FC124005FE1EB /* CovidAppUITestsLaunchTests.swift */,
			);
			path = CovidAppUITests;
			sourceTree = "<group>";
		};
/* End PBXGroup section */

/* Begin PBXNativeTarget section */
		471CEB402B0FC119005FE1EB /* CovidApp */ = {
			isa = PBXNativeTarget;
			buildConfigurationList = 471CEB652B0FC124005FE1EB /* Build configuration list for PBXNativeTarget "CovidApp" */;
			buildPhases = (
				471CEB3D2B0FC119005FE1EB /* Sources */,
				471CEB3E2B0FC119005FE1EB /* Frameworks */,
				471CEB3F2B0FC119005FE1EB /* Resources */,
			);
			buildRules = (
			);
			dependencies = (
			);
			name = CovidApp;
			productName = CovidApp;
			productReference = 471CEB412B0FC11A005FE1EB /* CovidApp.app */;
			productType = "com.apple.product-type.application";
		};
		471CEB502B0FC124005FE1EB /* CovidAppTests */ = {
			isa = PBXNativeTarget;
			buildConfigurationList = 471CEB682B0FC124005FE1EB /* Build configuration list for PBXNativeTarget "CovidAppTests" */;
			buildPhases = (
				471CEB4D2B0FC124005FE1EB /* Sources */,
				471CEB4E2B0FC124005FE1EB /* Frameworks */,
				471CEB4F2B0FC124005FE1EB /* Resources */,
			);
			buildRules = (
			);
			dependencies = (
				471CEB532B0FC124005FE1EB /* PBXTargetDependency */,
			);
			name = CovidAppTests;
			productName = CovidAppTests;
			productReference = 471CEB512B0FC124005FE1EB /* CovidAppTests.xctest */;
			productType = "com.apple.product-type.bundle.unit-test";
		};
		471CEB5A2B0FC124005FE1EB /* CovidAppUITests */ = {
			isa = PBXNativeTarget;
			buildConfigurationList = 471CEB6B2B0FC124005FE1EB /* Build configuration list for PBXNativeTarget "CovidAppUITests" */;
			buildPhases = (
				471CEB572B0FC124005FE1EB /* Sources */,
				471CEB582B0FC124005FE1EB /* Frameworks */,
				471CEB592B0FC124005FE1EB /* Resources */,
			);
			buildRules = (
			);
			dependencies = (
				471CEB5D2B0FC124005FE1EB /* PBXTargetDependency */,
			);
			name = CovidAppUITests;
			productName = CovidAppUITests;
			productReference = 471CEB5B2B0FC124005FE1EB /* CovidAppUITests.xctest */;
			productType = "com.apple.product-type.bundle.ui-testing";
		};
/* End PBXNativeTarget section */

/* Begin PBXProject section */
		471CEB392B0FC119005FE1EB /* Project object */ = {
			isa = PBXProject;
			attributes = {
				BuildIndependentTargetsInParallel = 1;
				LastSwiftUpdateCheck = 1500;
				LastUpgradeCheck = 1500;
				TargetAttributes = {
					471CEB402B0FC119005FE1EB = {
						CreatedOnToolsVersion = 15.0.1;
					};
					471CEB502B0FC124005FE1EB = {
						CreatedOnToolsVersion = 15.0.1;
						TestTargetID = 471CEB402B0FC119005FE1EB;
					};
					471CEB5A2B0FC124005FE1EB = {
						CreatedOnToolsVersion = 15.0.1;
						TestTargetID = 471CEB402B0FC119005FE1EB;
					};
				};
			};
			buildConfigurationList = 471CEB3C2B0FC119005FE1EB /* Build configuration list for PBXProject "CovidApp" */;
			compatibilityVersion = "Xcode 14.0";
			developmentRegion = en;
			hasScannedForEncodings = 0;
			knownRegions = (
				en,
				Base,
			);
			mainGroup = 471CEB382B0FC119005FE1EB;
			productRefGroup = 471CEB422B0FC11A005FE1EB /* Products */;
			projectDirPath = "";
			projectRoot = "";
			targets = (
				471CEB402B0FC119005FE1EB /* CovidApp */,
				471CEB502B0FC124005FE1EB /* CovidAppTests */,
				471CEB5A2B0FC124005FE1EB /* CovidAppUITests */,
			);
		};
/* End PBXProject section */

/* Begin PBXResourcesBuildPhase section */
		471CEB3F2B0FC119005FE1EB /* Resources */ = {
			isa = PBXResourcesBuildPhase;
			buildActionMask = 2147483647;
			files = (
				471CEB4C2B0FC123005FE1EB /* Preview Assets.xcassets in Resources */,
				471CEB492B0FC123005FE1EB /* Assets.xcassets in Resources */,
			);
			runOnlyForDeploymentPostprocessing = 0;
		};
		471CEB4F2B0FC124005FE1EB /* Resources */ = {
			isa = PBXResourcesBuildPhase;
			buildActionMask = 2147483647;
			files = (
			);
			runOnlyForDeploymentPostprocessing = 0;
		};
		471CEB592B0FC124005FE1EB /* Resources */ = {
			isa = PBXResourcesBuildPhase;
			buildActionMask = 2147483647;
			files = (
			);
			runOnlyForDeploymentPostprocessing = 0;
		};
/* End PBXResourcesBuildPhase section */

/* Begin PBXSourcesBuildPhase section */
		471CEB3D2B0FC119005FE1EB /* Sources */ = {
			isa = PBXSourcesBuildPhase;
			buildActionMask = 2147483647;
			files = (
				471CEB472B0FC11A005FE1EB /* ContentView.swift in Sources */,
				471CEB452B0FC11A005FE1EB /* CovidAppApp.swift in Sources */,
			);
			runOnlyForDeploymentPostprocessing = 0;
		};
		471CEB4D2B0FC124005FE1EB /* Sources */ = {
			isa = PBXSourcesBuildPhase;
			buildActionMask = 2147483647;
			files = (
				471CEB562B0FC124005FE1EB /* CovidAppTests.swift in Sources */,
			);
			runOnlyForDeploymentPostprocessing = 0;
		};
		471CEB572B0FC124005FE1EB /* Sources */ = {
			isa = PBXSourcesBuildPhase;
			buildActionMask = 2147483647;
			files = (
				471CEB622B0FC124005FE1EB /* CovidAppUITestsLaunchTests.swift in Sources */,
				471CEB602B0FC124005FE1EB /* CovidAppUITests.swift in Sources */,
			);
			runOnlyForDeploymentPostprocessing = 0;
		};
/* End PBXSourcesBuildPhase section */

/* Begin PBXTargetDependency section */
		471CEB532B0FC124005FE1EB /* PBXTargetDependency */ = {
			isa = PBXTargetDependency;
			target = 471CEB402B0FC119005FE1EB /* CovidApp */;
			targetProxy = 471CEB522B0FC124005FE1EB /* PBXContainerItemProxy */;
		};
		471CEB5D2B0FC124005FE1EB /* PBXTargetDependency */ = {
			isa = PBXTargetDependency;
			target = 471CEB402B0FC119005FE1EB /* CovidApp */;
			targetProxy = 471CEB5C2B0FC124005FE1EB /* PBXContainerItemProxy */;
		};
/* End PBXTargetDependency section */

/* Begin XCBuildConfiguration section */
		471CEB632B0FC124005FE1EB /* Debug */ = {
			isa = XCBuildConfiguration;
			buildSettings = {
				ALWAYS_SEARCH_USER_PATHS = NO;
				ASSETCATALOG_COMPILER_GENERATE_SWIFT_ASSET_SYMBOL_EXTENSIONS = YES;
				CLANG_ANALYZER_NONNULL = YES;
				CLANG_ANALYZER_NUMBER_OBJECT_CONVERSION = YES_AGGRESSIVE;
				CLANG_CXX_LANGUAGE_STANDARD = "gnu++20";
				CLANG_ENABLE_MODULES = YES;
				CLANG_ENABLE_OBJC_ARC = YES;
				CLANG_ENABLE_OBJC_WEAK = YES;
				CLANG_WARN_BLOCK_CAPTURE_AUTORELEASING = YES;
				CLANG_WARN_BOOL_CONVERSION = YES;
				CLANG_WARN_COMMA = YES;
				CLANG_WARN_CONSTANT_CONVERSION = YES;
				CLANG_WARN_DEPRECATED_OBJC_IMPLEMENTATIONS = YES;
				CLANG_WARN_DIRECT_OBJC_ISA_USAGE = YES_ERROR;
				CLANG_WARN_DOCUMENTATION_COMMENTS = YES;
				CLANG_WARN_EMPTY_BODY = YES;
				CLANG_WARN_ENUM_CONVERSION = YES;
				CLANG_WARN_INFINITE_RECURSION = YES;
				CLANG_WARN_INT_CONVERSION = YES;
				CLANG_WARN_NON_LITERAL_NULL_CONVERSION = YES;
				CLANG_WARN_OBJC_IMPLICIT_RETAIN_SELF = YES;
				CLANG_WARN_OBJC_LITERAL_CONVERSION = YES;
				CLANG_WARN_OBJC_ROOT_CLASS = YES_ERROR;
				CLANG_WARN_QUOTED_INCLUDE_IN_FRAMEWORK_HEADER = YES;
				CLANG_WARN_RANGE_LOOP_ANALYSIS = YES;
				CLANG_WARN_STRICT_PROTOTYPES = YES;
				CLANG_WARN_SUSPICIOUS_MOVE = YES;
				CLANG_WARN_UNGUARDED_AVAILABILITY = YES_AGGRESSIVE;
				CLANG_WARN_UNREACHABLE_CODE = YES;
				CLANG_WARN__DUPLICATE_METHOD_MATCH = YES;
				COPY_PHASE_STRIP = NO;
				DEBUG_INFORMATION_FORMAT = dwarf;
				ENABLE_STRICT_OBJC_MSGSEND = YES;
				ENABLE_TESTABILITY = YES;
				ENABLE_USER_SCRIPT_SANDBOXING = YES;
				GCC_C_LANGUAGE_STANDARD = gnu17;
				GCC_DYNAMIC_NO_PIC = NO;
				GCC_NO_COMMON_BLOCKS = YES;
				GCC_OPTIMIZATION_LEVEL = 0;
				GCC_PREPROCESSOR_DEFINITIONS = (
					"DEBUG=1",
					"$(inherited)",
				);
				GCC_WARN_64_TO_32_BIT_CONVERSION = YES;
				GCC_WARN_ABOUT_RETURN_TYPE = YES_ERROR;
				GCC_WARN_UNDECLARED_SELECTOR = YES;
				GCC_WARN_UNINITIALIZED_AUTOS = YES_AGGRESSIVE;
				GCC_WARN_UNUSED_FUNCTION = YES;
				GCC_WARN_UNUSED_VARIABLE = YES;
				IPHONEOS_DEPLOYMENT_TARGET = 17.0;
				LOCALIZATION_PREFERS_STRING_CATALOGS = YES;
				MTL_ENABLE_DEBUG_INFO = INCLUDE_SOURCE;
				MTL_FAST_MATH = YES;
				ONLY_ACTIVE_ARCH = YES;
				SDKROOT = iphoneos;
				SWIFT_ACTIVE_COMPILATION_CONDITIONS = "DEBUG $(inherited)";
				SWIFT_OPTIMIZATION_LEVEL = "-Onone";
			};
			name = Debug;
		};
		471CEB642B0FC124005FE1EB /* Release */ = {
			isa = XCBuildConfiguration;
			buildSettings = {
				ALWAYS_SEARCH_USER_PATHS = NO;
				ASSETCATALOG_COMPILER_GENERATE_SWIFT_ASSET_SYMBOL_EXTENSIONS = YES;
				CLANG_ANALYZER_NONNULL = YES;
				CLANG_ANALYZER_NUMBER_OBJECT_CONVERSION = YES_AGGRESSIVE;
				CLANG_CXX_LANGUAGE_STANDARD = "gnu++20";
				CLANG_ENABLE_MODULES = YES;
				CLANG_ENABLE_OBJC_ARC = YES;
				CLANG_ENABLE_OBJC_WEAK = YES;
				CLANG_WARN_BLOCK_CAPTURE_AUTORELEASING = YES;
				CLANG_WARN_BOOL_CONVERSION = YES;
				CLANG_WARN_COMMA = YES;
				CLANG_WARN_CONSTANT_CONVERSION = YES;
				CLANG_WARN_DEPRECATED_OBJC_IMPLEMENTATIONS = YES;
				CLANG_WARN_DIRECT_OBJC_ISA_USAGE = YES_ERROR;
				CLANG_WARN_DOCUMENTATION_COMMENTS = YES;
				CLANG_WARN_EMPTY_BODY = YES;
				CLANG_WARN_ENUM_CONVERSION = YES;
				CLANG_WARN_INFINITE_RECURSION = YES;
				CLANG_WARN_INT_CONVERSION = YES;
				CLANG_WARN_NON_LITERAL_NULL_CONVERSION = YES;
				CLANG_WARN_OBJC_IMPLICIT_RETAIN_SELF = YES;
				CLANG_WARN_OBJC_LITERAL_CONVERSION = YES;
				CLANG_WARN_OBJC_ROOT_CLASS = YES_ERROR;
				CLANG_WARN_QUOTED_INCLUDE_IN_FRAMEWORK_HEADER = YES;
				CLANG_WARN_RANGE_LOOP_ANALYSIS = YES;
				CLANG_WARN_STRICT_PROTOTYPES = YES;
				CLANG_WARN_SUSPICIOUS_MOVE = YES;
				CLANG_WARN_UNGUARDED_AVAILABILITY = YES_AGGRESSIVE;
				CLANG_WARN_UNREACHABLE_CODE = YES;
				CLANG_WARN__DUPLICATE_METHOD_MATCH = YES;
				COPY_PHASE_STRIP = NO;
				DEBUG_INFORMATION_FORMAT = "dwarf-with-dsym";
				ENABLE_NS_ASSERTIONS = NO;
				ENABLE_STRICT_OBJC_MSGSEND = YES;
				ENABLE_USER_SCRIPT_SANDBOXING = YES;
				GCC_C_LANGUAGE_STANDARD = gnu17;
				GCC_NO_COMMON_BLOCKS = YES;
				GCC_WARN_64_TO_32_BIT_CONVERSION = YES;
				GCC_WARN_ABOUT_RETURN_TYPE = YES_ERROR;
				GCC_WARN_UNDECLARED_SELECTOR = YES;
				GCC_WARN_UNINITIALIZED_AUTOS = YES_AGGRESSIVE;
				GCC_WARN_UNUSED_FUNCTION = YES;
				GCC_WARN_UNUSED_VARIABLE = YES;
				IPHONEOS_DEPLOYMENT_TARGET = 17.0;
				LOCALIZATION_PREFERS_STRING_CATALOGS = YES;
				MTL_ENABLE_DEBUG_INFO = NO;
				MTL_FAST_MATH = YES;
				SDKROOT = iphoneos;
				SWIFT_COMPILATION_MODE = wholemodule;
				VALIDATE_PRODUCT = YES;
			};
			name = Release;
		};
		471CEB662B0FC124005FE1EB /* Debug */ = {
			isa = XCBuildConfiguration;
			buildSettings = {
				ASSETCATALOG_COMPILER_APPICON_NAME = AppIcon;
				ASSETCATALOG_COMPILER_GLOBAL_ACCENT_COLOR_NAME = AccentColor;
				CODE_SIGN_STYLE = Automatic;
				CURRENT_PROJECT_VERSION = 1;
				DEVELOPMENT_ASSET_PATHS = "\"CovidApp/Preview Content\"";
				DEVELOPMENT_TEAM = FU4DWD2JJ5;
				ENABLE_PREVIEWS = YES;
				GENERATE_INFOPLIST_FILE = YES;
				INFOPLIST_KEY_UIApplicationSceneManifest_Generation = YES;
				INFOPLIST_KEY_UIApplicationSupportsIndirectInputEvents = YES;
				INFOPLIST_KEY_UILaunchScreen_Generation = YES;
				INFOPLIST_KEY_UISupportedInterfaceOrientations_iPad = "UIInterfaceOrientationPortrait UIInterfaceOrientationPortraitUpsideDown UIInterfaceOrientationLandscapeLeft UIInterfaceOrientationLandscapeRight";
				INFOPLIST_KEY_UISupportedInterfaceOrientations_iPhone = "UIInterfaceOrientationPortrait UIInterfaceOrientationLandscapeLeft UIInterfaceOrientationLandscapeRight";
				LD_RUNPATH_SEARCH_PATHS = (
					"$(inherited)",
					"@executable_path/Frameworks",
				);
				MARKETING_VERSION = 1.0;
				PRODUCT_BUNDLE_IDENTIFIER = com.XxGonanxX.CovidApp;
				PRODUCT_NAME = "$(TARGET_NAME)";
				SWIFT_EMIT_LOC_STRINGS = YES;
				SWIFT_VERSION = 5.0;
				TARGETED_DEVICE_FAMILY = "1,2";
			};
			name = Debug;
		};
		471CEB672B0FC124005FE1EB /* Release */ = {
			isa = XCBuildConfiguration;
			buildSettings = {
				ASSETCATALOG_COMPILER_APPICON_NAME = AppIcon;
				ASSETCATALOG_COMPILER_GLOBAL_ACCENT_COLOR_NAME = AccentColor;
				CODE_SIGN_STYLE = Automatic;
				CURRENT_PROJECT_VERSION = 1;
				DEVELOPMENT_ASSET_PATHS = "\"CovidApp/Preview Content\"";
				DEVELOPMENT_TEAM = FU4DWD2JJ5;
				ENABLE_PREVIEWS = YES;
				GENERATE_INFOPLIST_FILE = YES;
				INFOPLIST_KEY_UIApplicationSceneManifest_Generation = YES;
				INFOPLIST_KEY_UIApplicationSupportsIndirectInputEvents = YES;
				INFOPLIST_KEY_UILaunchScreen_Generation = YES;
				INFOPLIST_KEY_UISupportedInterfaceOrientations_iPad = "UIInterfaceOrientationPortrait UIInterfaceOrientationPortraitUpsideDown UIInterfaceOrientationLandscapeLeft UIInterfaceOrientationLandscapeRight";
				INFOPLIST_KEY_UISupportedInterfaceOrientations_iPhone = "UIInterfaceOrientationPortrait UIInterfaceOrientationLandscapeLeft UIInterfaceOrientationLandscapeRight";
				LD_RUNPATH_SEARCH_PATHS = (
					"$(inherited)",
					"@executable_path/Frameworks",
				);
				MARKETING_VERSION = 1.0;
				PRODUCT_BUNDLE_IDENTIFIER = com.XxGonanxX.CovidApp;
				PRODUCT_NAME = "$(TARGET_NAME)";
				SWIFT_EMIT_LOC_STRINGS = YES;
				SWIFT_VERSION = 5.0;
				TARGETED_DEVICE_FAMILY = "1,2";
			};
			name = Release;
		};
		471CEB692B0FC124005FE1EB /* Debug */ = {
			isa = XCBuildConfiguration;
			buildSettings = {
				ALWAYS_EMBED_SWIFT_STANDARD_LIBRARIES = YES;
				BUNDLE_LOADER = "$(TEST_HOST)";
				CODE_SIGN_STYLE = Automatic;
				CURRENT_PROJECT_VERSION = 1;
				DEVELOPMENT_TEAM = FU4DWD2JJ5;
				GENERATE_INFOPLIST_FILE = YES;
				IPHONEOS_DEPLOYMENT_TARGET = 17.0;
				MARKETING_VERSION = 1.0;
				PRODUCT_BUNDLE_IDENTIFIER = com.XxGonanxX.CovidAppTests;
				PRODUCT_NAME = "$(TARGET_NAME)";
				SWIFT_EMIT_LOC_STRINGS = NO;
				SWIFT_VERSION = 5.0;
				TARGETED_DEVICE_FAMILY = "1,2";
				TEST_HOST = "$(BUILT_PRODUCTS_DIR)/CovidApp.app/$(BUNDLE_EXECUTABLE_FOLDER_PATH)/CovidApp";
			};
			name = Debug;
		};
		471CEB6A2B0FC124005FE1EB /* Release */ = {
			isa = XCBuildConfiguration;
			buildSettings = {
				ALWAYS_EMBED_SWIFT_STANDARD_LIBRARIES = YES;
				BUNDLE_LOADER = "$(TEST_HOST)";
				CODE_SIGN_STYLE = Automatic;
				CURRENT_PROJECT_VERSION = 1;
				DEVELOPMENT_TEAM = FU4DWD2JJ5;
				GENERATE_INFOPLIST_FILE = YES;
				IPHONEOS_DEPLOYMENT_TARGET = 17.0;
				MARKETING_VERSION = 1.0;
				PRODUCT_BUNDLE_IDENTIFIER = com.XxGonanxX.CovidAppTests;
				PRODUCT_NAME = "$(TARGET_NAME)";
				SWIFT_EMIT_LOC_STRINGS = NO;
				SWIFT_VERSION = 5.0;
				TARGETED_DEVICE_FAMILY = "1,2";
				TEST_HOST = "$(BUILT_PRODUCTS_DIR)/CovidApp.app/$(BUNDLE_EXECUTABLE_FOLDER_PATH)/CovidApp";
			};
			name = Release;
		};
		471CEB6C2B0FC124005FE1EB /* Debug */ = {
			isa = XCBuildConfiguration;
			buildSettings = {
				ALWAYS_EMBED_SWIFT_STANDARD_LIBRARIES = YES;
				CODE_SIGN_STYLE = Automatic;
				CURRENT_PROJECT_VERSION = 1;
				DEVELOPMENT_TEAM = FU4DWD2JJ5;
				GENERATE_INFOPLIST_FILE = YES;
				MARKETING_VERSION = 1.0;
				PRODUCT_BUNDLE_IDENTIFIER = com.XxGonanxX.CovidAppUITests;
				PRODUCT_NAME = "$(TARGET_NAME)";
				SWIFT_EMIT_LOC_STRINGS = NO;
				SWIFT_VERSION = 5.0;
				TARGETED_DEVICE_FAMILY = "1,2";
				TEST_TARGET_NAME = CovidApp;
			};
			name = Debug;
		};
		471CEB6D2B0FC124005FE1EB /* Release */ = {
			isa = XCBuildConfiguration;
			buildSettings = {
				ALWAYS_EMBED_SWIFT_STANDARD_LIBRARIES = YES;
				CODE_SIGN_STYLE = Automatic;
				CURRENT_PROJECT_VERSION = 1;
				DEVELOPMENT_TEAM = FU4DWD2JJ5;
				GENERATE_INFOPLIST_FILE = YES;
				MARKETING_VERSION = 1.0;
				PRODUCT_BUNDLE_IDENTIFIER = com.XxGonanxX.CovidAppUITests;
				PRODUCT_NAME = "$(TARGET_NAME)";
				SWIFT_EMIT_LOC_STRINGS = NO;
				SWIFT_VERSION = 5.0;
				TARGETED_DEVICE_FAMILY = "1,2";
				TEST_TARGET_NAME = CovidApp;
			};
			name = Release;
		};
/* End XCBuildConfiguration section */

/* Begin XCConfigurationList section */
		471CEB3C2B0FC119005FE1EB /* Build configuration list for PBXProject "CovidApp" */ = {
			isa = XCConfigurationList;
			buildConfigurations = (
				471CEB632B0FC124005FE1EB /* Debug */,
				471CEB642B0FC124005FE1EB /* Release */,
			);
			defaultConfigurationIsVisible = 0;
			defaultConfigurationName = Release;
		};
		471CEB652B0FC124005FE1EB /* Build configuration list for PBXNativeTarget "CovidApp" */ = {
			isa = XCConfigurationList;
			buildConfigurations = (
				471CEB662B0FC124005FE1EB /* Debug */,
				471CEB672B0FC124005FE1EB /* Release */,
			);
			defaultConfigurationIsVisible = 0;
			defaultConfigurationName = Release;
		};
		471CEB682B0FC124005FE1EB /* Build configuration list for PBXNativeTarget "CovidAppTests" */ = {
			isa = XCConfigurationList;
			buildConfigurations = (
				471CEB692B0FC124005FE1EB /* Debug */,
				471CEB6A2B0FC124005FE1EB /* Release */,
			);
			defaultConfigurationIsVisible = 0;
			defaultConfigurationName = Release;
		};
		471CEB6B2B0FC124005FE1EB /* Build configuration list for PBXNativeTarget "CovidAppUITests" */ = {
			isa = XCConfigurationList;
			buildConfigurations = (
				471CEB6C2B0FC124005FE1EB /* Debug */,
				471CEB6D2B0FC124005FE1EB /* Release */,
			);
			defaultConfigurationIsVisible = 0;
			defaultConfigurationName = Release;
		};
/* End XCConfigurationList section */
	};
	rootObject = 471CEB392B0FC119005FE1EB /* Project object */;
}
